
Microsoft Visual Studio Solution File, Format Version 10.00
# Visual C# Express 2008
Project("{FAE04EC0-301F-11D3-BF4B-00C04F79EFBC}") = "IMAP4CLR", "IMAP4CLR\IMAP4CLR.csproj", "{E1A03110-1C9E-4737-9D9A-2D14E797EB62}"
EndProject
Global
	GlobalSection(SolutionConfigurationPlatforms) = preSolution
		Debug|Any CPU = Debug|Any CPU
		Release|Any CPU = Release|Any CPU
	EndGlobalSection
	GlobalSection(ProjectConfigurationPlatforms) = postSolution
		{E1A03110-1C9E-4737-9D9A-2D14E797EB62}.Debug|Any CPU.ActiveCfg = Debug|Any CPU
		{E1A03110-1C9E-4737-9D9A-2D14E797EB62}.Debug|Any CPU.Build.0 = Debug|Any CPU
		{E1A03110-1C9E-4737-9D9A-2D14E797EB62}.Release|Any CPU.ActiveCfg = Release|Any CPU
		{E1A03110-1C9E-4737-9D9A-2D14E797EB62}.Release|Any CPU.Build.0 = Release|Any CPU
	EndGlobalSection
	GlobalSection(SolutionProperties) = preSolution
		HideSolutionNode = FALSE
	EndGlobalSection
EndGlobal
